
Microsoft Visual Studio Solution File, Format Version 12.00
# Visual Studio Version 17
VisualStudioVersion = 17.5.002.0
MinimumVisualStudioVersion = 10.0.40219.1
Project("{9A19103F-16F7-4668-BE54-9A1E7A4F7556}") = "Northwind", "Northwind\Northwind.csproj", "{FF97F69C-BE94-4B41-8246-5C3F5929264D}"
EndProject
Global
	GlobalSection(SolutionConfigurationPlatforms) = preSolution
		Debug|Any CPU = Debug|Any CPU
		Release|Any CPU = Release|Any CPU
	EndGlobalSection
	GlobalSection(ProjectConfigurationPlatforms) = postSolution
		{FF97F69C-BE94-4B41-8246-5C3F5929264D}.Debug|Any CPU.ActiveCfg = Debug|Any CPU
		{FF97F69C-BE94-4B41-8246-5C3F5929264D}.Debug|Any CPU.Build.0 = Debug|Any CPU
		{FF97F69C-BE94-4B41-8246-5C3F5929264D}.Release|Any CPU.ActiveCfg = Release|Any CPU
		{FF97F69C-BE94-4B41-8246-5C3F5929264D}.Release|Any CPU.Build.0 = Release|Any CPU
	EndGlobalSection
	GlobalSection(SolutionProperties) = preSolution
		HideSolutionNode = FALSE
	EndGlobalSection
	GlobalSection(ExtensibilityGlobals) = postSolution
		SolutionGuid = {54B05D86-CC8F-4C14-862E-65794DDB907F}
	EndGlobalSection
EndGlobal
